
Microsoft Visual Studio Solution File, Format Version 12.00
# Visual Studio Version 16
VisualStudioVersion = 16.0.29609.76
MinimumVisualStudioVersion = 10.0.40219.1
Project("{FAE04EC0-301F-11D3-BF4B-00C04F79EFBC}") = "CoreMvc3_Foundation", "CoreMvc3_Foundation.csproj", "{FF6067C8-D7FF-49EE-9FF2-E2FC20163D90}"
EndProject
Global
	GlobalSection(SolutionConfigurationPlatforms) = preSolution
		Debug|Any CPU = Debug|Any CPU
		Release|Any CPU = Release|Any CPU
	EndGlobalSection
	GlobalSection(ProjectConfigurationPlatforms) = postSolution
		{FF6067C8-D7FF-49EE-9FF2-E2FC20163D90}.Debug|Any CPU.ActiveCfg = Debug|Any CPU
		{FF6067C8-D7FF-49EE-9FF2-E2FC20163D90}.Debug|Any CPU.Build.0 = Debug|Any CPU
		{FF6067C8-D7FF-49EE-9FF2-E2FC20163D90}.Release|Any CPU.ActiveCfg = Release|Any CPU
		{FF6067C8-D7FF-49EE-9FF2-E2FC20163D90}.Release|Any CPU.Build.0 = Release|Any CPU
	EndGlobalSection
	GlobalSection(SolutionProperties) = preSolution
		HideSolutionNode = FALSE
	EndGlobalSection
	GlobalSection(ExtensibilityGlobals) = postSolution
		SolutionGuid = {85CDFD41-6A57-4310-9736-9AA48AE16700}
	EndGlobalSection
EndGlobal
