
Microsoft Visual Studio Solution File, Format Version 12.00
# Visual Studio Version 16
VisualStudioVersion = 16.0.29609.76
MinimumVisualStudioVersion = 10.0.40219.1
Project("{FAE04EC0-301F-11D3-BF4B-00C04F79EFBC}") = "CoreMvc3_Razor_Clone", "CoreMvc3_Razor_Clone.csproj", "{0ACBA6E3-47FB-4C26-9FE0-C769170B5894}"
EndProject
Global
	GlobalSection(SolutionConfigurationPlatforms) = preSolution
		Debug|Any CPU = Debug|Any CPU
		Release|Any CPU = Release|Any CPU
	EndGlobalSection
	GlobalSection(ProjectConfigurationPlatforms) = postSolution
		{0ACBA6E3-47FB-4C26-9FE0-C769170B5894}.Debug|Any CPU.ActiveCfg = Debug|Any CPU
		{0ACBA6E3-47FB-4C26-9FE0-C769170B5894}.Debug|Any CPU.Build.0 = Debug|Any CPU
		{0ACBA6E3-47FB-4C26-9FE0-C769170B5894}.Release|Any CPU.ActiveCfg = Release|Any CPU
		{0ACBA6E3-47FB-4C26-9FE0-C769170B5894}.Release|Any CPU.Build.0 = Release|Any CPU
	EndGlobalSection
	GlobalSection(SolutionProperties) = preSolution
		HideSolutionNode = FALSE
	EndGlobalSection
	GlobalSection(ExtensibilityGlobals) = postSolution
		SolutionGuid = {3C8FF4B6-AE14-48E1-89D0-CEB4BF6ED462}
	EndGlobalSection
EndGlobal
